
Microsoft Visual Studio Solution File, Format Version 12.00
# Visual Studio Version 17
VisualStudioVersion = 17.3.32929.385
MinimumVisualStudioVersion = 10.0.40219.1
Project("{FAE04EC0-301F-11D3-BF4B-00C04F79EFBC}") = "DPFactoryMethodProject", "DPFactoryMethodProject\DPFactoryMethodProject.csproj", "{53E1A556-56E3-4066-A7BB-C2307C7D1C7A}"
EndProject
Global
	GlobalSection(SolutionConfigurationPlatforms) = preSolution
		Debug|Any CPU = Debug|Any CPU
		Release|Any CPU = Release|Any CPU
	EndGlobalSection
	GlobalSection(ProjectConfigurationPlatforms) = postSolution
		{53E1A556-56E3-4066-A7BB-C2307C7D1C7A}.Debug|Any CPU.ActiveCfg = Debug|Any CPU
		{53E1A556-56E3-4066-A7BB-C2307C7D1C7A}.Debug|Any CPU.Build.0 = Debug|Any CPU
		{53E1A556-56E3-4066-A7BB-C2307C7D1C7A}.Release|Any CPU.ActiveCfg = Release|Any CPU
		{53E1A556-56E3-4066-A7BB-C2307C7D1C7A}.Release|Any CPU.Build.0 = Release|Any CPU
	EndGlobalSection
	GlobalSection(SolutionProperties) = preSolution
		HideSolutionNode = FALSE
	EndGlobalSection
	GlobalSection(ExtensibilityGlobals) = postSolution
		SolutionGuid = {877C8F83-7197-4818-90AC-184CF6A542EE}
	EndGlobalSection
EndGlobal
